
Microsoft Visual Studio Solution File, Format Version 12.00
# Visual Studio Version 17
VisualStudioVersion = 17.0.32126.317
MinimumVisualStudioVersion = 10.0.40219.1
Project("{9A19103F-16F7-4668-BE54-9A1E7A4F7556}") = "PostSharp.WeatherForecast", "PostSharp.WeatherForecast\PostSharp.WeatherForecast.csproj", "{7B2712D7-8DB3-4525-86DD-C72DBD53F628}"
EndProject
Project("{9A19103F-16F7-4668-BE54-9A1E7A4F7556}") = "Microsoft.WeatherForecast", "Microsoft.WeatherForecast\Microsoft.WeatherForecast.csproj", "{7E033A79-81FB-4EB4-91D3-B6FF9FDA5AD7}"
EndProject
Global
	GlobalSection(SolutionConfigurationPlatforms) = preSolution
		Debug|Any CPU = Debug|Any CPU
		Release|Any CPU = Release|Any CPU
	EndGlobalSection
	GlobalSection(ProjectConfigurationPlatforms) = postSolution
		{7B2712D7-8DB3-4525-86DD-C72DBD53F628}.Debug|Any CPU.ActiveCfg = Debug|Any CPU
		{7B2712D7-8DB3-4525-86DD-C72DBD53F628}.Debug|Any CPU.Build.0 = Debug|Any CPU
		{7B2712D7-8DB3-4525-86DD-C72DBD53F628}.Release|Any CPU.ActiveCfg = Release|Any CPU
		{7B2712D7-8DB3-4525-86DD-C72DBD53F628}.Release|Any CPU.Build.0 = Release|Any CPU
		{7E033A79-81FB-4EB4-91D3-B6FF9FDA5AD7}.Debug|Any CPU.ActiveCfg = Debug|Any CPU
		{7E033A79-81FB-4EB4-91D3-B6FF9FDA5AD7}.Debug|Any CPU.Build.0 = Debug|Any CPU
		{7E033A79-81FB-4EB4-91D3-B6FF9FDA5AD7}.Release|Any CPU.ActiveCfg = Release|Any CPU
		{7E033A79-81FB-4EB4-91D3-B6FF9FDA5AD7}.Release|Any CPU.Build.0 = Release|Any CPU
	EndGlobalSection
	GlobalSection(SolutionProperties) = preSolution
		HideSolutionNode = FALSE
	EndGlobalSection
	GlobalSection(ExtensibilityGlobals) = postSolution
		SolutionGuid = {C839314D-2473-4DAD-B4DB-EE0C8FE35B99}
	EndGlobalSection
EndGlobal
